
Microsoft Visual Studio Solution File, Format Version 12.00
# Visual Studio Version 17
VisualStudioVersion = 17.14.36414.22 d17.14
MinimumVisualStudioVersion = 10.0.40219.1
Project("{FAE04EC0-301F-11D3-BF4B-00C04F79EFBC}") = "Lab1_Homework_Alekseev_ISP-232", "Lab1_Homework_Alekseev_ISP-232.csproj", "{09DB3B93-D3FE-4A0D-80E7-2C431217428D}"
EndProject
Global
	GlobalSection(SolutionConfigurationPlatforms) = preSolution
		Debug|Any CPU = Debug|Any CPU
		Release|Any CPU = Release|Any CPU
	EndGlobalSection
	GlobalSection(ProjectConfigurationPlatforms) = postSolution
		{09DB3B93-D3FE-4A0D-80E7-2C431217428D}.Debug|Any CPU.ActiveCfg = Debug|Any CPU
		{09DB3B93-D3FE-4A0D-80E7-2C431217428D}.Debug|Any CPU.Build.0 = Debug|Any CPU
		{09DB3B93-D3FE-4A0D-80E7-2C431217428D}.Release|Any CPU.ActiveCfg = Release|Any CPU
		{09DB3B93-D3FE-4A0D-80E7-2C431217428D}.Release|Any CPU.Build.0 = Release|Any CPU
	EndGlobalSection
	GlobalSection(SolutionProperties) = preSolution
		HideSolutionNode = FALSE
	EndGlobalSection
	GlobalSection(ExtensibilityGlobals) = postSolution
		SolutionGuid = {6F95BC8D-7E90-4D29-BC53-766CFCBC7764}
	EndGlobalSection
EndGlobal
